
Microsoft Visual Studio Solution File, Format Version 12.00
# Visual Studio Version 16
VisualStudioVersion = 16.0.30611.23
MinimumVisualStudioVersion = 10.0.40219.1
Project("{FAE04EC0-301F-11D3-BF4B-00C04F79EFBC}") = "TrackRedesign", "TrackRedesign\TrackRedesign.csproj", "{5EDCF91C-0228-4CE3-98AB-F3F58DF52571}"
EndProject
Project("{54435603-DBB4-11D2-8724-00A0C9A8B90C}") = "Track", "Track\Track.vdproj", "{EB92A92A-5C49-4A0C-9B41-6221A7C0A191}"
EndProject
Global
	GlobalSection(SolutionConfigurationPlatforms) = preSolution
		Debug|Any CPU = Debug|Any CPU
		Release|Any CPU = Release|Any CPU
	EndGlobalSection
	GlobalSection(ProjectConfigurationPlatforms) = postSolution
		{5EDCF91C-0228-4CE3-98AB-F3F58DF52571}.Debug|Any CPU.ActiveCfg = Debug|Any CPU
		{5EDCF91C-0228-4CE3-98AB-F3F58DF52571}.Debug|Any CPU.Build.0 = Debug|Any CPU
		{5EDCF91C-0228-4CE3-98AB-F3F58DF52571}.Release|Any CPU.ActiveCfg = Release|Any CPU
		{5EDCF91C-0228-4CE3-98AB-F3F58DF52571}.Release|Any CPU.Build.0 = Release|Any CPU
		{EB92A92A-5C49-4A0C-9B41-6221A7C0A191}.Debug|Any CPU.ActiveCfg = Debug
		{EB92A92A-5C49-4A0C-9B41-6221A7C0A191}.Release|Any CPU.ActiveCfg = Release
	EndGlobalSection
	GlobalSection(SolutionProperties) = preSolution
		HideSolutionNode = FALSE
	EndGlobalSection
	GlobalSection(ExtensibilityGlobals) = postSolution
		SolutionGuid = {4258080D-6B6D-42A9-99BD-48EC816098B1}
	EndGlobalSection
EndGlobal
